<?xml version="1.0" encoding="utf-8"?>
<Project ToolsVersion="4.0" xmlns="http://schemas.microsoft.com/developer/msbuild/2003">
  <ItemGroup>
    <Filter Include="Source Files">
      <UniqueIdentifier>{4FC737F1-C7A5-4376-A066-2A32D752A2FF}</UniqueIdentifier>
      <Extensions>cpp;c;cc;cxx;c++;cppm;ixx;def;odl;idl;hpj;bat;asm;asmx</Extensions>
    </Filter>
    <Filter Include="Header Files">
      <UniqueIdentifier>{93995380-89BD-4b04-88EB-625FBE52EBFB}</UniqueIdentifier>
      <Extensions>h;hh;hpp;hxx;h++;hm;inl;inc;ipp;xsd</Extensions>
    </Filter>
    <Filter Include="Resource Files">
      <UniqueIdentifier>{67DA6AB6-F800-4c08-8B7A-83BB121AAD01}</UniqueIdentifier>
      <Extensions>rc;ico;cur;bmp;dlg;rc2;rct;bin;rgs;gif;jpg;jpeg;jpe;resx;tiff;tif;png;wav;mfcribbon-ms</Extensions>
    </Filter>
    <Filter Include="Source Files\decryptor">
      <UniqueIdentifier>{800f893a-48da-4bac-a137-8310fa5f11b8}</UniqueIdentifier>
    </Filter>
    <Filter Include="Source Files\utils">
      <UniqueIdentifier>{10527d1d-7a9f-4a9f-a8c2-b05e187ee8f8}</UniqueIdentifier>
    </Filter>
    <Filter Include="Source Files\vendor">
      <UniqueIdentifier>{ee367167-c8f1-4595-9a7f-8af17364157b}</UniqueIdentifier>
    </Filter>
    <Filter Include="Source Files\vendor\chacha20">
      <UniqueIdentifier>{37152aa9-1870-42a3-9096-e4fd948f67a1}</UniqueIdentifier>
    </Filter>
  </ItemGroup>
  <ItemGroup>
    <ClCompile Include="roblox_decryptor.cpp">
      <Filter>Source Files</Filter>
    </ClCompile>
    <ClCompile Include="decryptor\decryptor.cpp">
      <Filter>Source Files\decryptor</Filter>
    </ClCompile>
    <ClCompile Include="utils\memory.cpp">
      <Filter>Source Files\utils</Filter>
    </ClCompile>
    <ClCompile Include="utils\pe.cpp">
      <Filter>Source Files\utils</Filter>
    </ClCompile>
    <ClCompile Include="vendor\chacha20\chacha20.cpp">
      <Filter>Source Files\vendor\chacha20</Filter>
    </ClCompile>
  </ItemGroup>
  <ItemGroup>
    <ClInclude Include="decryptor\decryptor.hpp">
      <Filter>Source Files\decryptor</Filter>
    </ClInclude>
    <ClInclude Include="utils\memory.hpp">
      <Filter>Source Files\utils</Filter>
    </ClInclude>
    <ClInclude Include="utils\pe.hpp">
      <Filter>Source Files\utils</Filter>
    </ClInclude>
    <ClInclude Include="vendor\chacha20\chacha20.hpp">
      <Filter>Source Files\vendor\chacha20</Filter>
    </ClInclude>
  </ItemGroup>
</Project>